
Microsoft Visual Studio Solution File, Format Version 12.00
# Visual Studio Version 16
VisualStudioVersion = 16.0.30804.86
MinimumVisualStudioVersion = 10.0.40219.1
Project("{2150E333-8FDC-42A3-9474-1A3956D46DE8}") = "src", "src", "{F42712F2-E717-4314-8133-D28C8E1BC78D}"
EndProject
Project("{2150E333-8FDC-42A3-9474-1A3956D46DE8}") = "test", "test", "{20305D1C-E8DB-41E1-AD1E-27893113DAE4}"
EndProject
Project("{2150E333-8FDC-42A3-9474-1A3956D46DE8}") = "Hosts", "Hosts", "{BCBA33A9-95AE-46E6-9EFC-361E7B1582E0}"
EndProject
Project("{9A19103F-16F7-4668-BE54-9A1E7A4F7556}") = "Api", "Api\Api.csproj", "{93D9D3AB-2326-4D12-BBB5-9AAC712FD0A7}"
EndProject
Project("{9A19103F-16F7-4668-BE54-9A1E7A4F7556}") = "Api.IntegrationTests", "Api.IntegrationTests\Api.IntegrationTests.csproj", "{904DD9C0-BE3E-484B-B1CF-C2387E4833D8}"
EndProject
Project("{9A19103F-16F7-4668-BE54-9A1E7A4F7556}") = "Aplication", "Aplication\Aplication.csproj", "{5FEEC7EE-4041-4523-97C7-0E035F1BE1CB}"
EndProject
Project("{9A19103F-16F7-4668-BE54-9A1E7A4F7556}") = "Domain", "Domain\Domain.csproj", "{059EB775-CD44-4EED-9D66-4D50102E23E0}"
EndProject
Project("{9A19103F-16F7-4668-BE54-9A1E7A4F7556}") = "Infrastructure", "Infrastructure\Infrastructure.csproj", "{C647FBCC-A1B8-48AD-833E-8596D437408E}"
EndProject
Project("{9A19103F-16F7-4668-BE54-9A1E7A4F7556}") = "Domain.UnitTests", "Domain.UnitTests\Domain.UnitTests.csproj", "{93E851B4-7530-4DC5-A3E3-F639CC71A43A}"
EndProject
Project("{2150E333-8FDC-42A3-9474-1A3956D46DE8}") = "Solution Items", "Solution Items", "{D25AA1C5-BAF3-4254-B5F2-E2AF8E86FEE8}"
	ProjectSection(SolutionItems) = preProject
		.gitignore = .gitignore
		Directory.Build.targets = Directory.Build.targets
		global.json = global.json
		Packages.props = Packages.props
	EndProjectSection
EndProject
Project("{9A19103F-16F7-4668-BE54-9A1E7A4F7556}") = "CoreHost", "CoreHost\CoreHost.csproj", "{D55B05A2-12BA-4DAE-A93C-50C000600B92}"
EndProject
Project("{E53339B2-1760-4266-BCC7-CA923CBCF16C}") = "docker-compose", "docker-compose.dcproj", "{E7C85686-055D-4893-8233-268462741720}"
EndProject
Global
	GlobalSection(SolutionConfigurationPlatforms) = preSolution
		Debug|Any CPU = Debug|Any CPU
		Release|Any CPU = Release|Any CPU
	EndGlobalSection
	GlobalSection(ProjectConfigurationPlatforms) = postSolution
		{93D9D3AB-2326-4D12-BBB5-9AAC712FD0A7}.Debug|Any CPU.ActiveCfg = Debug|Any CPU
		{93D9D3AB-2326-4D12-BBB5-9AAC712FD0A7}.Debug|Any CPU.Build.0 = Debug|Any CPU
		{93D9D3AB-2326-4D12-BBB5-9AAC712FD0A7}.Release|Any CPU.ActiveCfg = Release|Any CPU
		{93D9D3AB-2326-4D12-BBB5-9AAC712FD0A7}.Release|Any CPU.Build.0 = Release|Any CPU
		{904DD9C0-BE3E-484B-B1CF-C2387E4833D8}.Debug|Any CPU.ActiveCfg = Debug|Any CPU
		{904DD9C0-BE3E-484B-B1CF-C2387E4833D8}.Debug|Any CPU.Build.0 = Debug|Any CPU
		{904DD9C0-BE3E-484B-B1CF-C2387E4833D8}.Release|Any CPU.ActiveCfg = Release|Any CPU
		{904DD9C0-BE3E-484B-B1CF-C2387E4833D8}.Release|Any CPU.Build.0 = Release|Any CPU
		{5FEEC7EE-4041-4523-97C7-0E035F1BE1CB}.Debug|Any CPU.ActiveCfg = Debug|Any CPU
		{5FEEC7EE-4041-4523-97C7-0E035F1BE1CB}.Debug|Any CPU.Build.0 = Debug|Any CPU
		{5FEEC7EE-4041-4523-97C7-0E035F1BE1CB}.Release|Any CPU.ActiveCfg = Release|Any CPU
		{5FEEC7EE-4041-4523-97C7-0E035F1BE1CB}.Release|Any CPU.Build.0 = Release|Any CPU
		{059EB775-CD44-4EED-9D66-4D50102E23E0}.Debug|Any CPU.ActiveCfg = Debug|Any CPU
		{059EB775-CD44-4EED-9D66-4D50102E23E0}.Debug|Any CPU.Build.0 = Debug|Any CPU
		{059EB775-CD44-4EED-9D66-4D50102E23E0}.Release|Any CPU.ActiveCfg = Release|Any CPU
		{059EB775-CD44-4EED-9D66-4D50102E23E0}.Release|Any CPU.Build.0 = Release|Any CPU
		{C647FBCC-A1B8-48AD-833E-8596D437408E}.Debug|Any CPU.ActiveCfg = Debug|Any CPU
		{C647FBCC-A1B8-48AD-833E-8596D437408E}.Debug|Any CPU.Build.0 = Debug|Any CPU
		{C647FBCC-A1B8-48AD-833E-8596D437408E}.Release|Any CPU.ActiveCfg = Release|Any CPU
		{C647FBCC-A1B8-48AD-833E-8596D437408E}.Release|Any CPU.Build.0 = Release|Any CPU
		{93E851B4-7530-4DC5-A3E3-F639CC71A43A}.Debug|Any CPU.ActiveCfg = Debug|Any CPU
		{93E851B4-7530-4DC5-A3E3-F639CC71A43A}.Debug|Any CPU.Build.0 = Debug|Any CPU
		{93E851B4-7530-4DC5-A3E3-F639CC71A43A}.Release|Any CPU.ActiveCfg = Release|Any CPU
		{93E851B4-7530-4DC5-A3E3-F639CC71A43A}.Release|Any CPU.Build.0 = Release|Any CPU
		{D55B05A2-12BA-4DAE-A93C-50C000600B92}.Debug|Any CPU.ActiveCfg = Debug|Any CPU
		{D55B05A2-12BA-4DAE-A93C-50C000600B92}.Debug|Any CPU.Build.0 = Debug|Any CPU
		{D55B05A2-12BA-4DAE-A93C-50C000600B92}.Release|Any CPU.ActiveCfg = Release|Any CPU
		{D55B05A2-12BA-4DAE-A93C-50C000600B92}.Release|Any CPU.Build.0 = Release|Any CPU
		{E7C85686-055D-4893-8233-268462741720}.Debug|Any CPU.ActiveCfg = Debug|Any CPU
		{E7C85686-055D-4893-8233-268462741720}.Debug|Any CPU.Build.0 = Debug|Any CPU
		{E7C85686-055D-4893-8233-268462741720}.Release|Any CPU.ActiveCfg = Release|Any CPU
		{E7C85686-055D-4893-8233-268462741720}.Release|Any CPU.Build.0 = Release|Any CPU
	EndGlobalSection
	GlobalSection(SolutionProperties) = preSolution
		HideSolutionNode = FALSE
	EndGlobalSection
	GlobalSection(NestedProjects) = preSolution
		{BCBA33A9-95AE-46E6-9EFC-361E7B1582E0} = {F42712F2-E717-4314-8133-D28C8E1BC78D}
		{93D9D3AB-2326-4D12-BBB5-9AAC712FD0A7} = {F42712F2-E717-4314-8133-D28C8E1BC78D}
		{904DD9C0-BE3E-484B-B1CF-C2387E4833D8} = {20305D1C-E8DB-41E1-AD1E-27893113DAE4}
		{5FEEC7EE-4041-4523-97C7-0E035F1BE1CB} = {F42712F2-E717-4314-8133-D28C8E1BC78D}
		{059EB775-CD44-4EED-9D66-4D50102E23E0} = {F42712F2-E717-4314-8133-D28C8E1BC78D}
		{C647FBCC-A1B8-48AD-833E-8596D437408E} = {F42712F2-E717-4314-8133-D28C8E1BC78D}
		{93E851B4-7530-4DC5-A3E3-F639CC71A43A} = {20305D1C-E8DB-41E1-AD1E-27893113DAE4}
		{D55B05A2-12BA-4DAE-A93C-50C000600B92} = {BCBA33A9-95AE-46E6-9EFC-361E7B1582E0}
	EndGlobalSection
	GlobalSection(ExtensibilityGlobals) = postSolution
		SolutionGuid = {BEAF24FC-AE77-41E2-8194-3C9DB84D91EB}
	EndGlobalSection
EndGlobal
